
Microsoft Visual Studio Solution File, Format Version 12.00
# Visual Studio Version 17
VisualStudioVersion = 17.6.33815.320
MinimumVisualStudioVersion = 10.0.40219.1
Project("{FAE04EC0-301F-11D3-BF4B-00C04F79EFBC}") = "DeskNotepad", "DeskNotepad\DeskNotepad.csproj", "{2D03C68E-8AC4-4ECB-83BA-04D6775ABF7B}"
EndProject
Global
	GlobalSection(SolutionConfigurationPlatforms) = preSolution
		Debug|Any CPU = Debug|Any CPU
		Release|Any CPU = Release|Any CPU
	EndGlobalSection
	GlobalSection(ProjectConfigurationPlatforms) = postSolution
		{2D03C68E-8AC4-4ECB-83BA-04D6775ABF7B}.Debug|Any CPU.ActiveCfg = Debug|Any CPU
		{2D03C68E-8AC4-4ECB-83BA-04D6775ABF7B}.Debug|Any CPU.Build.0 = Debug|Any CPU
		{2D03C68E-8AC4-4ECB-83BA-04D6775ABF7B}.Release|Any CPU.ActiveCfg = Release|Any CPU
		{2D03C68E-8AC4-4ECB-83BA-04D6775ABF7B}.Release|Any CPU.Build.0 = Release|Any CPU
	EndGlobalSection
	GlobalSection(SolutionProperties) = preSolution
		HideSolutionNode = FALSE
	EndGlobalSection
	GlobalSection(ExtensibilityGlobals) = postSolution
		SolutionGuid = {BC130EF3-D295-4DCF-9D15-132880BFA408}
	EndGlobalSection
EndGlobal
